
Microsoft Visual Studio Solution File, Format Version 12.00
# Visual Studio 15
VisualStudioVersion = 15.0.26730.15
MinimumVisualStudioVersion = 10.0.40219.1
Project("{FAE04EC0-301F-11D3-BF4B-00C04F79EFBC}") = "RAAP.Web.Client", "RAAP.Web.Client\RAAP.Web.Client.csproj", "{1D8D32F5-2A93-4A19-A783-28728E429D68}"
EndProject
Project("{FAE04EC0-301F-11D3-BF4B-00C04F79EFBC}") = "RAAP.Web.API", "RAAP.Web.API\RAAP.Web.API.csproj", "{8D9F1C74-86CE-4253-A77A-601F5BE0C30D}"
EndProject
Project("{2150E333-8FDC-42A3-9474-1A3956D46DE8}") = "Database", "Database", "{D0E86FB7-F21D-49DA-A4FA-5A354629554A}"
EndProject
Project("{FAE04EC0-301F-11D3-BF4B-00C04F79EFBC}") = "RAAP.Database", "RAAP.Database\RAAP.Database.csproj", "{C600AFC1-A867-41E8-8102-2AC14213C511}"
EndProject
Project("{2150E333-8FDC-42A3-9474-1A3956D46DE8}") = "Client", "Client", "{94A166B6-3A95-40E0-9394-7432D22F8717}"
EndProject
Project("{2150E333-8FDC-42A3-9474-1A3956D46DE8}") = "Server", "Server", "{5D486873-1018-424F-B71F-C2F300F8367D}"
EndProject
Project("{FAE04EC0-301F-11D3-BF4B-00C04F79EFBC}") = "RAAP.Common", "RAAP.Common\RAAP.Common.csproj", "{F290C8B9-7E13-49C5-A859-ABEB7D83E3B0}"
EndProject
Project("{FAE04EC0-301F-11D3-BF4B-00C04F79EFBC}") = "RAAP.Contracts", "RAAP.Contracts\RAAP.Contracts.csproj", "{151CF9B5-7ACE-492B-9E3E-87330340E9A0}"
EndProject
Project("{FAE04EC0-301F-11D3-BF4B-00C04F79EFBC}") = "RAAP.DatabaseDeployer", "RAAP.Database.Deployer\RAAP.DatabaseDeployer.csproj", "{1296E207-1EEA-4E8D-882A-2F004C088A6C}"
EndProject
Project("{2150E333-8FDC-42A3-9474-1A3956D46DE8}") = "Test", "Test", "{2EACEECC-FA82-4C3F-B37B-6B0EF2DAFD25}"
EndProject
Project("{FAE04EC0-301F-11D3-BF4B-00C04F79EFBC}") = "UnitTests", "UnitTests\UnitTests.csproj", "{FFA32A59-C3DE-4F11-99D9-A18F82D7F199}"
EndProject
Project("{9A19103F-16F7-4668-BE54-9A1E7A4F7556}") = "RAAP.Web.Client2", "RAAP.Web.Client2\RAAP.Web.Client2.csproj", "{993B5980-E0E6-470C-848F-1769E312C5A5}"
EndProject
Global
	GlobalSection(SolutionConfigurationPlatforms) = preSolution
		Debug|Any CPU = Debug|Any CPU
		Release|Any CPU = Release|Any CPU
	EndGlobalSection
	GlobalSection(ProjectConfigurationPlatforms) = postSolution
		{1D8D32F5-2A93-4A19-A783-28728E429D68}.Debug|Any CPU.ActiveCfg = Debug|Any CPU
		{1D8D32F5-2A93-4A19-A783-28728E429D68}.Debug|Any CPU.Build.0 = Debug|Any CPU
		{1D8D32F5-2A93-4A19-A783-28728E429D68}.Release|Any CPU.ActiveCfg = Release|Any CPU
		{1D8D32F5-2A93-4A19-A783-28728E429D68}.Release|Any CPU.Build.0 = Release|Any CPU
		{8D9F1C74-86CE-4253-A77A-601F5BE0C30D}.Debug|Any CPU.ActiveCfg = Debug|Any CPU
		{8D9F1C74-86CE-4253-A77A-601F5BE0C30D}.Debug|Any CPU.Build.0 = Debug|Any CPU
		{8D9F1C74-86CE-4253-A77A-601F5BE0C30D}.Release|Any CPU.ActiveCfg = Release|Any CPU
		{8D9F1C74-86CE-4253-A77A-601F5BE0C30D}.Release|Any CPU.Build.0 = Release|Any CPU
		{C600AFC1-A867-41E8-8102-2AC14213C511}.Debug|Any CPU.ActiveCfg = Debug|Any CPU
		{C600AFC1-A867-41E8-8102-2AC14213C511}.Debug|Any CPU.Build.0 = Debug|Any CPU
		{C600AFC1-A867-41E8-8102-2AC14213C511}.Release|Any CPU.ActiveCfg = Release|Any CPU
		{C600AFC1-A867-41E8-8102-2AC14213C511}.Release|Any CPU.Build.0 = Release|Any CPU
		{F290C8B9-7E13-49C5-A859-ABEB7D83E3B0}.Debug|Any CPU.ActiveCfg = Debug|Any CPU
		{F290C8B9-7E13-49C5-A859-ABEB7D83E3B0}.Debug|Any CPU.Build.0 = Debug|Any CPU
		{F290C8B9-7E13-49C5-A859-ABEB7D83E3B0}.Release|Any CPU.ActiveCfg = Release|Any CPU
		{F290C8B9-7E13-49C5-A859-ABEB7D83E3B0}.Release|Any CPU.Build.0 = Release|Any CPU
		{151CF9B5-7ACE-492B-9E3E-87330340E9A0}.Debug|Any CPU.ActiveCfg = Debug|Any CPU
		{151CF9B5-7ACE-492B-9E3E-87330340E9A0}.Debug|Any CPU.Build.0 = Debug|Any CPU
		{151CF9B5-7ACE-492B-9E3E-87330340E9A0}.Release|Any CPU.ActiveCfg = Release|Any CPU
		{151CF9B5-7ACE-492B-9E3E-87330340E9A0}.Release|Any CPU.Build.0 = Release|Any CPU
		{1296E207-1EEA-4E8D-882A-2F004C088A6C}.Debug|Any CPU.ActiveCfg = Debug|Any CPU
		{1296E207-1EEA-4E8D-882A-2F004C088A6C}.Debug|Any CPU.Build.0 = Debug|Any CPU
		{1296E207-1EEA-4E8D-882A-2F004C088A6C}.Release|Any CPU.ActiveCfg = Release|Any CPU
		{1296E207-1EEA-4E8D-882A-2F004C088A6C}.Release|Any CPU.Build.0 = Release|Any CPU
		{FFA32A59-C3DE-4F11-99D9-A18F82D7F199}.Debug|Any CPU.ActiveCfg = Debug|Any CPU
		{FFA32A59-C3DE-4F11-99D9-A18F82D7F199}.Debug|Any CPU.Build.0 = Debug|Any CPU
		{FFA32A59-C3DE-4F11-99D9-A18F82D7F199}.Release|Any CPU.ActiveCfg = Release|Any CPU
		{FFA32A59-C3DE-4F11-99D9-A18F82D7F199}.Release|Any CPU.Build.0 = Release|Any CPU
		{993B5980-E0E6-470C-848F-1769E312C5A5}.Debug|Any CPU.ActiveCfg = Debug|Any CPU
		{993B5980-E0E6-470C-848F-1769E312C5A5}.Debug|Any CPU.Build.0 = Debug|Any CPU
		{993B5980-E0E6-470C-848F-1769E312C5A5}.Release|Any CPU.ActiveCfg = Release|Any CPU
		{993B5980-E0E6-470C-848F-1769E312C5A5}.Release|Any CPU.Build.0 = Release|Any CPU
	EndGlobalSection
	GlobalSection(SolutionProperties) = preSolution
		HideSolutionNode = FALSE
	EndGlobalSection
	GlobalSection(NestedProjects) = preSolution
		{1D8D32F5-2A93-4A19-A783-28728E429D68} = {94A166B6-3A95-40E0-9394-7432D22F8717}
		{8D9F1C74-86CE-4253-A77A-601F5BE0C30D} = {5D486873-1018-424F-B71F-C2F300F8367D}
		{C600AFC1-A867-41E8-8102-2AC14213C511} = {D0E86FB7-F21D-49DA-A4FA-5A354629554A}
		{F290C8B9-7E13-49C5-A859-ABEB7D83E3B0} = {5D486873-1018-424F-B71F-C2F300F8367D}
		{151CF9B5-7ACE-492B-9E3E-87330340E9A0} = {5D486873-1018-424F-B71F-C2F300F8367D}
		{1296E207-1EEA-4E8D-882A-2F004C088A6C} = {D0E86FB7-F21D-49DA-A4FA-5A354629554A}
		{FFA32A59-C3DE-4F11-99D9-A18F82D7F199} = {2EACEECC-FA82-4C3F-B37B-6B0EF2DAFD25}
		{993B5980-E0E6-470C-848F-1769E312C5A5} = {94A166B6-3A95-40E0-9394-7432D22F8717}
	EndGlobalSection
	GlobalSection(ExtensibilityGlobals) = postSolution
		SolutionGuid = {1BEFD5B1-8CD8-4BD6-86C4-47534F6AC4BA}
	EndGlobalSection
EndGlobal
